
Microsoft Visual Studio Solution File, Format Version 12.00
# Visual Studio Version 16
VisualStudioVersion = 16.0.31624.102
MinimumVisualStudioVersion = 10.0.40219.1
Project("{FAE04EC0-301F-11D3-BF4B-00C04F79EFBC}") = "labTask2", "labTask2\labTask2.csproj", "{77ACB10E-405F-4BA8-9506-D416E94F5DE8}"
EndProject
Global
	GlobalSection(SolutionConfigurationPlatforms) = preSolution
		Debug|Any CPU = Debug|Any CPU
		Release|Any CPU = Release|Any CPU
	EndGlobalSection
	GlobalSection(ProjectConfigurationPlatforms) = postSolution
		{77ACB10E-405F-4BA8-9506-D416E94F5DE8}.Debug|Any CPU.ActiveCfg = Debug|Any CPU
		{77ACB10E-405F-4BA8-9506-D416E94F5DE8}.Debug|Any CPU.Build.0 = Debug|Any CPU
		{77ACB10E-405F-4BA8-9506-D416E94F5DE8}.Release|Any CPU.ActiveCfg = Release|Any CPU
		{77ACB10E-405F-4BA8-9506-D416E94F5DE8}.Release|Any CPU.Build.0 = Release|Any CPU
	EndGlobalSection
	GlobalSection(SolutionProperties) = preSolution
		HideSolutionNode = FALSE
	EndGlobalSection
	GlobalSection(ExtensibilityGlobals) = postSolution
		SolutionGuid = {D1515EE0-1275-48D5-8033-66EE1D276456}
	EndGlobalSection
EndGlobal
