
Microsoft Visual Studio Solution File, Format Version 12.00
# Visual Studio Version 16
VisualStudioVersion = 16.0.31624.102
MinimumVisualStudioVersion = 10.0.40219.1
Project("{FAE04EC0-301F-11D3-BF4B-00C04F79EFBC}") = "Task1", "Task1\Task1.csproj", "{139AF243-BBA9-4AA1-9F13-C8A3507E0461}"
EndProject
Global
	GlobalSection(SolutionConfigurationPlatforms) = preSolution
		Debug|Any CPU = Debug|Any CPU
		Release|Any CPU = Release|Any CPU
	EndGlobalSection
	GlobalSection(ProjectConfigurationPlatforms) = postSolution
		{139AF243-BBA9-4AA1-9F13-C8A3507E0461}.Debug|Any CPU.ActiveCfg = Debug|Any CPU
		{139AF243-BBA9-4AA1-9F13-C8A3507E0461}.Debug|Any CPU.Build.0 = Debug|Any CPU
		{139AF243-BBA9-4AA1-9F13-C8A3507E0461}.Release|Any CPU.ActiveCfg = Release|Any CPU
		{139AF243-BBA9-4AA1-9F13-C8A3507E0461}.Release|Any CPU.Build.0 = Release|Any CPU
	EndGlobalSection
	GlobalSection(SolutionProperties) = preSolution
		HideSolutionNode = FALSE
	EndGlobalSection
	GlobalSection(ExtensibilityGlobals) = postSolution
		SolutionGuid = {CB98298B-6F56-42B8-A9A5-F36B9CDD94F1}
	EndGlobalSection
EndGlobal
