
Microsoft Visual Studio Solution File, Format Version 12.00
# Visual Studio Version 16
VisualStudioVersion = 16.0.31624.102
MinimumVisualStudioVersion = 10.0.40219.1
Project("{FAE04EC0-301F-11D3-BF4B-00C04F79EFBC}") = "Portal", "ProjectMid\Portal.csproj", "{8111C359-E1FE-4F0E-B26C-6A3E6C9618B5}"
EndProject
Global
	GlobalSection(SolutionConfigurationPlatforms) = preSolution
		Debug|Any CPU = Debug|Any CPU
		Release|Any CPU = Release|Any CPU
	EndGlobalSection
	GlobalSection(ProjectConfigurationPlatforms) = postSolution
		{8111C359-E1FE-4F0E-B26C-6A3E6C9618B5}.Debug|Any CPU.ActiveCfg = Debug|Any CPU
		{8111C359-E1FE-4F0E-B26C-6A3E6C9618B5}.Debug|Any CPU.Build.0 = Debug|Any CPU
		{8111C359-E1FE-4F0E-B26C-6A3E6C9618B5}.Release|Any CPU.ActiveCfg = Release|Any CPU
		{8111C359-E1FE-4F0E-B26C-6A3E6C9618B5}.Release|Any CPU.Build.0 = Release|Any CPU
	EndGlobalSection
	GlobalSection(SolutionProperties) = preSolution
		HideSolutionNode = FALSE
	EndGlobalSection
	GlobalSection(ExtensibilityGlobals) = postSolution
		SolutionGuid = {E40534F3-DF0E-42D5-AD75-F31A67DE0E0E}
	EndGlobalSection
EndGlobal
